// !$*UTF8*$!
{
	archiveVersion = 1;
	classes = {
	};
	objectVersion = 46;
	objects = {

/* Begin PBXBuildFile section */
		19B4A4381E5D377300874A18 /* AppDelegate.swift in Sources */ = {isa = PBXBuildFile; fileRef = 19B4A4371E5D377300874A18 /* AppDelegate.swift */; };
		19B4A43A1E5D377300874A18 /* ViewController.swift in Sources */ = {isa = PBXBuildFile; fileRef = 19B4A4391E5D377300874A18 /* ViewController.swift */; };
		19B4A43D1E5D377300874A18 /* Main.storyboard in Resources */ = {isa = PBXBuildFile; fileRef = 19B4A43B1E5D377300874A18 /* Main.storyboard */; };
		19B4A4401E5D377300874A18 /* RockPaperScissor.xcdatamodeld in Sources */ = {isa = PBXBuildFile; fileRef = 19B4A43E1E5D377300874A18 /* RockPaperScissor.xcdatamodeld */; };
		19B4A4421E5D377300874A18 /* Assets.xcassets in Resources */ = {isa = PBXBuildFile; fileRef = 19B4A4411E5D377300874A18 /* Assets.xcassets */; };
		19B4A4451E5D377300874A18 /* LaunchScreen.storyboard in Resources */ = {isa = PBXBuildFile; fileRef = 19B4A4431E5D377300874A18 /* LaunchScreen.storyboard */; };
		19B4A4521E5D39CD00874A18 /* paper.png in Resources */ = {isa = PBXBuildFile; fileRef = 19B4A44F1E5D39CD00874A18 /* paper.png */; };
		19B4A4531E5D39CD00874A18 /* rock.png in Resources */ = {isa = PBXBuildFile; fileRef = 19B4A4501E5D39CD00874A18 /* rock.png */; };
		19B4A4541E5D39CD00874A18 /* scissors.png in Resources */ = {isa = PBXBuildFile; fileRef = 19B4A4511E5D39CD00874A18 /* scissors.png */; };
		19B4A4581E5D3AE300874A18 /* scissors1.png in Resources */ = {isa = PBXBuildFile; fileRef = 19B4A4551E5D3AE300874A18 /* scissors1.png */; };
		19B4A4591E5D3AE300874A18 /* rock1.png in Resources */ = {isa = PBXBuildFile; fileRef = 19B4A4561E5D3AE300874A18 /* rock1.png */; };
		19B4A45A1E5D3AE300874A18 /* paper1.png in Resources */ = {isa = PBXBuildFile; fileRef = 19B4A4571E5D3AE300874A18 /* paper1.png */; };
		19B4A45E1E5D431800874A18 /* RSPView.swift in Sources */ = {isa = PBXBuildFile; fileRef = 19B4A45D1E5D431800874A18 /* RSPView.swift */; };
		19B4A4601E5D7B2B00874A18 /* GameManager.swift in Sources */ = {isa = PBXBuildFile; fileRef = 19B4A45F1E5D7B2B00874A18 /* GameManager.swift */; };
		19B70A771E73F0D6002BF3E3 /* SoundManager.swift in Sources */ = {isa = PBXBuildFile; fileRef = 19B70A761E73F0D6002BF3E3 /* SoundManager.swift */; };
		19B70A791E73F5FA002BF3E3 /* win.mp3 in Resources */ = {isa = PBXBuildFile; fileRef = 19B70A781E73F5FA002BF3E3 /* win.mp3 */; };
		19B70A7B1E7401EF002BF3E3 /* draw.mp3 in Resources */ = {isa = PBXBuildFile; fileRef = 19B70A7A1E7401EF002BF3E3 /* draw.mp3 */; };
		19FC7F2B1E73B6F500FE4652 /* gameSoundtrack.mp3 in Resources */ = {isa = PBXBuildFile; fileRef = 19FC7F2A1E73B6F500FE4652 /* gameSoundtrack.mp3 */; };
		19FCD0E81E641BDF00065498 /* bg.jpg in Resources */ = {isa = PBXBuildFile; fileRef = 19FCD0E71E641BDF00065498 /* bg.jpg */; };
/* End PBXBuildFile section */

/* Begin PBXFileReference section */
		19B4A4341E5D377300874A18 /* RockPaperScissor.app */ = {isa = PBXFileReference; explicitFileType = wrapper.application; includeInIndex = 0; path = RockPaperScissor.app; sourceTree = BUILT_PRODUCTS_DIR; };
		19B4A4371E5D377300874A18 /* AppDelegate.swift */ = {isa = PBXFileReference; lastKnownFileType = sourcecode.swift; path = AppDelegate.swift; sourceTree = "<group>"; };
		19B4A4391E5D377300874A18 /* ViewController.swift */ = {isa = PBXFileReference; lastKnownFileType = sourcecode.swift; path = ViewController.swift; sourceTree = "<group>"; };
		19B4A43C1E5D377300874A18 /* Base */ = {isa = PBXFileReference; lastKnownFileType = file.storyboard; name = Base; path = Base.lproj/Main.storyboard; sourceTree = "<group>"; };
		19B4A43F1E5D377300874A18 /* RockPaperScissor.xcdatamodel */ = {isa = PBXFileReference; lastKnownFileType = wrapper.xcdatamodel; path = RockPaperScissor.xcdatamodel; sourceTree = "<group>"; };
		19B4A4411E5D377300874A18 /* Assets.xcassets */ = {isa = PBXFileReference; lastKnownFileType = folder.assetcatalog; path = Assets.xcassets; sourceTree = "<group>"; };
		19B4A4441E5D377300874A18 /* Base */ = {isa = PBXFileReference; lastKnownFileType = file.storyboard; name = Base; path = Base.lproj/LaunchScreen.storyboard; sourceTree = "<group>"; };
		19B4A4461E5D377300874A18 /* Info.plist */ = {isa = PBXFileReference; lastKnownFileType = text.plist.xml; path = Info.plist; sourceTree = "<group>"; };
		19B4A44F1E5D39CD00874A18 /* paper.png */ = {isa = PBXFileReference; lastKnownFileType = image.png; path = paper.png; sourceTree = "<group>"; };
		19B4A4501E5D39CD00874A18 /* rock.png */ = {isa = PBXFileReference; lastKnownFileType = image.png; path = rock.png; sourceTree = "<group>"; };
		19B4A4511E5D39CD00874A18 /* scissors.png */ = {isa = PBXFileReference; lastKnownFileType = image.png; path = scissors.png; sourceTree = "<group>"; };
		19B4A4551E5D3AE300874A18 /* scissors1.png */ = {isa = PBXFileReference; lastKnownFileType = image.png; path = scissors1.png; sourceTree = "<group>"; };
		19B4A4561E5D3AE300874A18 /* rock1.png */ = {isa = PBXFileReference; lastKnownFileType = image.png; path = rock1.png; sourceTree = "<group>"; };
		19B4A4571E5D3AE300874A18 /* paper1.png */ = {isa = PBXFileReference; lastKnownFileType = image.png; path = paper1.png; sourceTree = "<group>"; };
		19B4A45D1E5D431800874A18 /* RSPView.swift */ = {isa = PBXFileReference; fileEncoding = 4; lastKnownFileType = sourcecode.swift; path = RSPView.swift; sourceTree = "<group>"; };
		19B4A45F1E5D7B2B00874A18 /* GameManager.swift */ = {isa = PBXFileReference; fileEncoding = 4; lastKnownFileType = sourcecode.swift; path = GameManager.swift; sourceTree = "<group>"; };
		19B70A761E73F0D6002BF3E3 /* SoundManager.swift */ = {isa = PBXFileReference; fileEncoding = 4; lastKnownFileType = sourcecode.swift; path = SoundManager.swift; sourceTree = "<group>"; };
		19B70A781E73F5FA002BF3E3 /* win.mp3 */ = {isa = PBXFileReference; lastKnownFileType = audio.mp3; path = win.mp3; sourceTree = "<group>"; };
		19B70A7A1E7401EF002BF3E3 /* draw.mp3 */ = {isa = PBXFileReference; lastKnownFileType = audio.mp3; path = draw.mp3; sourceTree = "<group>"; };
		19FC7F2A1E73B6F500FE4652 /* gameSoundtrack.mp3 */ = {isa = PBXFileReference; lastKnownFileType = audio.mp3; path = gameSoundtrack.mp3; sourceTree = "<group>"; };
		19FCD0E71E641BDF00065498 /* bg.jpg */ = {isa = PBXFileReference; lastKnownFileType = image.jpeg; path = bg.jpg; sourceTree = "<group>"; };
/* End PBXFileReference section */

/* Begin PBXFrameworksBuildPhase section */
		19B4A4311E5D377300874A18 /* Frameworks */ = {
			isa = PBXFrameworksBuildPhase;
			buildActionMask = 2147483647;
			files = (
			);
			runOnlyForDeploymentPostprocessing = 0;
		};
/* End PBXFrameworksBuildPhase section */

/* Begin PBXGroup section */
		19B4A42B1E5D377300874A18 = {
			isa = PBXGroup;
			children = (
				19B4A4361E5D377300874A18 /* RockPaperScissor */,
				19B4A4351E5D377300874A18 /* Products */,
			);
			sourceTree = "<group>";
		};
		19B4A4351E5D377300874A18 /* Products */ = {
			isa = PBXGroup;
			children = (
				19B4A4341E5D377300874A18 /* RockPaperScissor.app */,
			);
			name = Products;
			sourceTree = "<group>";
		};
		19B4A4361E5D377300874A18 /* RockPaperScissor */ = {
			isa = PBXGroup;
			children = (
				19B4A44C1E5D377900874A18 /* Resources */,
				19B4A4371E5D377300874A18 /* AppDelegate.swift */,
				19B4A4391E5D377300874A18 /* ViewController.swift */,
				19B4A45D1E5D431800874A18 /* RSPView.swift */,
				19B70A761E73F0D6002BF3E3 /* SoundManager.swift */,
				19B4A45F1E5D7B2B00874A18 /* GameManager.swift */,
				19B4A43B1E5D377300874A18 /* Main.storyboard */,
				19B4A4411E5D377300874A18 /* Assets.xcassets */,
				19B4A4431E5D377300874A18 /* LaunchScreen.storyboard */,
				19B4A4461E5D377300874A18 /* Info.plist */,
				19B4A43E1E5D377300874A18 /* RockPaperScissor.xcdatamodeld */,
			);
			path = RockPaperScissor;
			sourceTree = "<group>";
		};
		19B4A44C1E5D377900874A18 /* Resources */ = {
			isa = PBXGroup;
			children = (
				19B70A7A1E7401EF002BF3E3 /* draw.mp3 */,
				19B70A781E73F5FA002BF3E3 /* win.mp3 */,
				19FC7F2A1E73B6F500FE4652 /* gameSoundtrack.mp3 */,
				19FCD0E71E641BDF00065498 /* bg.jpg */,
				19B4A4551E5D3AE300874A18 /* scissors1.png */,
				19B4A4561E5D3AE300874A18 /* rock1.png */,
				19B4A4571E5D3AE300874A18 /* paper1.png */,
				19B4A44F1E5D39CD00874A18 /* paper.png */,
				19B4A4501E5D39CD00874A18 /* rock.png */,
				19B4A4511E5D39CD00874A18 /* scissors.png */,
			);
			name = Resources;
			sourceTree = "<group>";
		};
/* End PBXGroup section */

/* Begin PBXNativeTarget section */
		19B4A4331E5D377300874A18 /* RockPaperScissor */ = {
			isa = PBXNativeTarget;
			buildConfigurationList = 19B4A4491E5D377300874A18 /* Build configuration list for PBXNativeTarget "RockPaperScissor" */;
			buildPhases = (
				19B4A4301E5D377300874A18 /* Sources */,
				19B4A4311E5D377300874A18 /* Frameworks */,
				19B4A4321E5D377300874A18 /* Resources */,
			);
			buildRules = (
			);
			dependencies = (
			);
			name = RockPaperScissor;
			productName = RockPaperScissor;
			productReference = 19B4A4341E5D377300874A18 /* RockPaperScissor.app */;
			productType = "com.apple.product-type.application";
		};
/* End PBXNativeTarget section */

/* Begin PBXProject section */
		19B4A42C1E5D377300874A18 /* Project object */ = {
			isa = PBXProject;
			attributes = {
				LastSwiftUpdateCheck = 0820;
				LastUpgradeCheck = 0820;
				ORGANIZATIONNAME = LocTran;
				TargetAttributes = {
					19B4A4331E5D377300874A18 = {
						CreatedOnToolsVersion = 8.2.1;
						DevelopmentTeam = D6F4345AL3;
						ProvisioningStyle = Automatic;
					};
				};
			};
			buildConfigurationList = 19B4A42F1E5D377300874A18 /* Build configuration list for PBXProject "RockPaperScissor" */;
			compatibilityVersion = "Xcode 3.2";
			developmentRegion = English;
			hasScannedForEncodings = 0;
			knownRegions = (
				en,
				Base,
			);
			mainGroup = 19B4A42B1E5D377300874A18;
			productRefGroup = 19B4A4351E5D377300874A18 /* Products */;
			projectDirPath = "";
			projectRoot = "";
			targets = (
				19B4A4331E5D377300874A18 /* RockPaperScissor */,
			);
		};
/* End PBXProject section */

/* Begin PBXResourcesBuildPhase section */
		19B4A4321E5D377300874A18 /* Resources */ = {
			isa = PBXResourcesBuildPhase;
			buildActionMask = 2147483647;
			files = (
				19B4A4521E5D39CD00874A18 /* paper.png in Resources */,
				19B70A7B1E7401EF002BF3E3 /* draw.mp3 in Resources */,
				19B4A4531E5D39CD00874A18 /* rock.png in Resources */,
				19B4A4581E5D3AE300874A18 /* scissors1.png in Resources */,
				19B70A791E73F5FA002BF3E3 /* win.mp3 in Resources */,
				19B4A4541E5D39CD00874A18 /* scissors.png in Resources */,
				19B4A45A1E5D3AE300874A18 /* paper1.png in Resources */,
				19FC7F2B1E73B6F500FE4652 /* gameSoundtrack.mp3 in Resources */,
				19B4A4591E5D3AE300874A18 /* rock1.png in Resources */,
				19B4A4451E5D377300874A18 /* LaunchScreen.storyboard in Resources */,
				19B4A4421E5D377300874A18 /* Assets.xcassets in Resources */,
				19FCD0E81E641BDF00065498 /* bg.jpg in Resources */,
				19B4A43D1E5D377300874A18 /* Main.storyboard in Resources */,
			);
			runOnlyForDeploymentPostprocessing = 0;
		};
/* End PBXResourcesBuildPhase section */

/* Begin PBXSourcesBuildPhase section */
		19B4A4301E5D377300874A18 /* Sources */ = {
			isa = PBXSourcesBuildPhase;
			buildActionMask = 2147483647;
			files = (
				19B4A43A1E5D377300874A18 /* ViewController.swift in Sources */,
				19B70A771E73F0D6002BF3E3 /* SoundManager.swift in Sources */,
				19B4A4401E5D377300874A18 /* RockPaperScissor.xcdatamodeld in Sources */,
				19B4A4381E5D377300874A18 /* AppDelegate.swift in Sources */,
				19B4A45E1E5D431800874A18 /* RSPView.swift in Sources */,
				19B4A4601E5D7B2B00874A18 /* GameManager.swift in Sources */,
			);
			runOnlyForDeploymentPostprocessing = 0;
		};
/* End PBXSourcesBuildPhase section */

/* Begin PBXVariantGroup section */
		19B4A43B1E5D377300874A18 /* Main.storyboard */ = {
			isa = PBXVariantGroup;
			children = (
				19B4A43C1E5D377300874A18 /* Base */,
			);
			name = Main.storyboard;
			sourceTree = "<group>";
		};
		19B4A4431E5D377300874A18 /* LaunchScreen.storyboard */ = {
			isa = PBXVariantGroup;
			children = (
				19B4A4441E5D377300874A18 /* Base */,
			);
			name = LaunchScreen.storyboard;
			sourceTree = "<group>";
		};
/* End PBXVariantGroup section */

/* Begin XCBuildConfiguration section */
		19B4A4471E5D377300874A18 /* Debug */ = {
			isa = XCBuildConfiguration;
			buildSettings = {
				ALWAYS_SEARCH_USER_PATHS = NO;
				CLANG_ANALYZER_NONNULL = YES;
				CLANG_CXX_LANGUAGE_STANDARD = "gnu++0x";
				CLANG_CXX_LIBRARY = "libc++";
				CLANG_ENABLE_MODULES = YES;
				CLANG_ENABLE_OBJC_ARC = YES;
				CLANG_WARN_BOOL_CONVERSION = YES;
				CLANG_WARN_CONSTANT_CONVERSION = YES;
				CLANG_WARN_DIRECT_OBJC_ISA_USAGE = YES_ERROR;
				CLANG_WARN_DOCUMENTATION_COMMENTS = YES;
				CLANG_WARN_EMPTY_BODY = YES;
				CLANG_WARN_ENUM_CONVERSION = YES;
				CLANG_WARN_INFINITE_RECURSION = YES;
				CLANG_WARN_INT_CONVERSION = YES;
				CLANG_WARN_OBJC_ROOT_CLASS = YES_ERROR;
				CLANG_WARN_SUSPICIOUS_MOVE = YES;
				CLANG_WARN_UNREACHABLE_CODE = YES;
				CLANG_WARN__DUPLICATE_METHOD_MATCH = YES;
				"CODE_SIGN_IDENTITY[sdk=iphoneos*]" = "iPhone Developer";
				COPY_PHASE_STRIP = NO;
				DEBUG_INFORMATION_FORMAT = dwarf;
				ENABLE_STRICT_OBJC_MSGSEND = YES;
				ENABLE_TESTABILITY = YES;
				GCC_C_LANGUAGE_STANDARD = gnu99;
				GCC_DYNAMIC_NO_PIC = NO;
				GCC_NO_COMMON_BLOCKS = YES;
				GCC_OPTIMIZATION_LEVEL = 0;
				GCC_PREPROCESSOR_DEFINITIONS = (
					"DEBUG=1",
					"$(inherited)",
				);
				GCC_WARN_64_TO_32_BIT_CONVERSION = YES;
				GCC_WARN_ABOUT_RETURN_TYPE = YES_ERROR;
				GCC_WARN_UNDECLARED_SELECTOR = YES;
				GCC_WARN_UNINITIALIZED_AUTOS = YES_AGGRESSIVE;
				GCC_WARN_UNUSED_FUNCTION = YES;
				GCC_WARN_UNUSED_VARIABLE = YES;
				IPHONEOS_DEPLOYMENT_TARGET = 10.2;
				MTL_ENABLE_DEBUG_INFO = YES;
				ONLY_ACTIVE_ARCH = YES;
				SDKROOT = iphoneos;
				SWIFT_ACTIVE_COMPILATION_CONDITIONS = DEBUG;
				SWIFT_OPTIMIZATION_LEVEL = "-Onone";
				TARGETED_DEVICE_FAMILY = "1,2";
			};
			name = Debug;
		};
		19B4A4481E5D377300874A18 /* Release */ = {
			isa = XCBuildConfiguration;
			buildSettings = {
				ALWAYS_SEARCH_USER_PATHS = NO;
				CLANG_ANALYZER_NONNULL = YES;
				CLANG_CXX_LANGUAGE_STANDARD = "gnu++0x";
				CLANG_CXX_LIBRARY = "libc++";
				CLANG_ENABLE_MODULES = YES;
				CLANG_ENABLE_OBJC_ARC = YES;
				CLANG_WARN_BOOL_CONVERSION = YES;
				CLANG_WARN_CONSTANT_CONVERSION = YES;
				CLANG_WARN_DIRECT_OBJC_ISA_USAGE = YES_ERROR;
				CLANG_WARN_DOCUMENTATION_COMMENTS = YES;
				CLANG_WARN_EMPTY_BODY = YES;
				CLANG_WARN_ENUM_CONVERSION = YES;
				CLANG_WARN_INFINITE_RECURSION = YES;
				CLANG_WARN_INT_CONVERSION = YES;
				CLANG_WARN_OBJC_ROOT_CLASS = YES_ERROR;
				CLANG_WARN_SUSPICIOUS_MOVE = YES;
				CLANG_WARN_UNREACHABLE_CODE = YES;
				CLANG_WARN__DUPLICATE_METHOD_MATCH = YES;
				"CODE_SIGN_IDENTITY[sdk=iphoneos*]" = "iPhone Developer";
				COPY_PHASE_STRIP = NO;
				DEBUG_INFORMATION_FORMAT = "dwarf-with-dsym";
				ENABLE_NS_ASSERTIONS = NO;
				ENABLE_STRICT_OBJC_MSGSEND = YES;
				GCC_C_LANGUAGE_STANDARD = gnu99;
				GCC_NO_COMMON_BLOCKS = YES;
				GCC_WARN_64_TO_32_BIT_CONVERSION = YES;
				GCC_WARN_ABOUT_RETURN_TYPE = YES_ERROR;
				GCC_WARN_UNDECLARED_SELECTOR = YES;
				GCC_WARN_UNINITIALIZED_AUTOS = YES_AGGRESSIVE;
				GCC_WARN_UNUSED_FUNCTION = YES;
				GCC_WARN_UNUSED_VARIABLE = YES;
				IPHONEOS_DEPLOYMENT_TARGET = 10.2;
				MTL_ENABLE_DEBUG_INFO = NO;
				SDKROOT = iphoneos;
				SWIFT_OPTIMIZATION_LEVEL = "-Owholemodule";
				TARGETED_DEVICE_FAMILY = "1,2";
				VALIDATE_PRODUCT = YES;
			};
			name = Release;
		};
		19B4A44A1E5D377300874A18 /* Debug */ = {
			isa = XCBuildConfiguration;
			buildSettings = {
				ASSETCATALOG_COMPILER_APPICON_NAME = AppIcon;
				DEVELOPMENT_TEAM = D6F4345AL3;
				INFOPLIST_FILE = RockPaperScissor/Info.plist;
				IPHONEOS_DEPLOYMENT_TARGET = 10.2;
				LD_RUNPATH_SEARCH_PATHS = "$(inherited) @executable_path/Frameworks";
				PRODUCT_BUNDLE_IDENTIFIER = com.LocTran.RockPaperScissor;
				PRODUCT_NAME = "$(TARGET_NAME)";
				SWIFT_VERSION = 3.0;
			};
			name = Debug;
		};
		19B4A44B1E5D377300874A18 /* Release */ = {
			isa = XCBuildConfiguration;
			buildSettings = {
				ASSETCATALOG_COMPILER_APPICON_NAME = AppIcon;
				DEVELOPMENT_TEAM = D6F4345AL3;
				INFOPLIST_FILE = RockPaperScissor/Info.plist;
				IPHONEOS_DEPLOYMENT_TARGET = 10.2;
				LD_RUNPATH_SEARCH_PATHS = "$(inherited) @executable_path/Frameworks";
				PRODUCT_BUNDLE_IDENTIFIER = com.LocTran.RockPaperScissor;
				PRODUCT_NAME = "$(TARGET_NAME)";
				SWIFT_VERSION = 3.0;
			};
			name = Release;
		};
/* End XCBuildConfiguration section */

/* Begin XCConfigurationList section */
		19B4A42F1E5D377300874A18 /* Build configuration list for PBXProject "RockPaperScissor" */ = {
			isa = XCConfigurationList;
			buildConfigurations = (
				19B4A4471E5D377300874A18 /* Debug */,
				19B4A4481E5D377300874A18 /* Release */,
			);
			defaultConfigurationIsVisible = 0;
			defaultConfigurationName = Release;
		};
		19B4A4491E5D377300874A18 /* Build configuration list for PBXNativeTarget "RockPaperScissor" */ = {
			isa = XCConfigurationList;
			buildConfigurations = (
				19B4A44A1E5D377300874A18 /* Debug */,
				19B4A44B1E5D377300874A18 /* Release */,
			);
			defaultConfigurationIsVisible = 0;
			defaultConfigurationName = Release;
		};
/* End XCConfigurationList section */

/* Begin XCVersionGroup section */
		19B4A43E1E5D377300874A18 /* RockPaperScissor.xcdatamodeld */ = {
			isa = XCVersionGroup;
			children = (
				19B4A43F1E5D377300874A18 /* RockPaperScissor.xcdatamodel */,
			);
			currentVersion = 19B4A43F1E5D377300874A18 /* RockPaperScissor.xcdatamodel */;
			path = RockPaperScissor.xcdatamodeld;
			sourceTree = "<group>";
			versionGroupType = wrapper.xcdatamodel;
		};
/* End XCVersionGroup section */
	};
	rootObject = 19B4A42C1E5D377300874A18 /* Project object */;
}
